
Microsoft Visual Studio Solution File, Format Version 12.00
# Visual Studio Version 17
VisualStudioVersion = 17.6.33815.320
MinimumVisualStudioVersion = 10.0.40219.1
Project("{FAE04EC0-301F-11D3-BF4B-00C04F79EFBC}") = "BillGenerator", "BillGenerator\BillGenerator.csproj", "{ECF8ACC6-2D5E-4AFF-965B-87B4053A7922}"
EndProject
Global
	GlobalSection(SolutionConfigurationPlatforms) = preSolution
		Debug|Any CPU = Debug|Any CPU
		Release|Any CPU = Release|Any CPU
	EndGlobalSection
	GlobalSection(ProjectConfigurationPlatforms) = postSolution
		{ECF8ACC6-2D5E-4AFF-965B-87B4053A7922}.Debug|Any CPU.ActiveCfg = Debug|Any CPU
		{ECF8ACC6-2D5E-4AFF-965B-87B4053A7922}.Debug|Any CPU.Build.0 = Debug|Any CPU
		{ECF8ACC6-2D5E-4AFF-965B-87B4053A7922}.Release|Any CPU.ActiveCfg = Release|Any CPU
		{ECF8ACC6-2D5E-4AFF-965B-87B4053A7922}.Release|Any CPU.Build.0 = Release|Any CPU
	EndGlobalSection
	GlobalSection(SolutionProperties) = preSolution
		HideSolutionNode = FALSE
	EndGlobalSection
	GlobalSection(ExtensibilityGlobals) = postSolution
		SolutionGuid = {5775839B-FE57-4B97-988B-4E4A1A245880}
	EndGlobalSection
EndGlobal
